// !$*UTF8*$!
{
	archiveVersion = 1;
	classes = {
	};
	objectVersion = 50;
	objects = {

/* Begin PBXBuildFile section */
		1A15F2BB268C61CD00989793 /* HistoryList.swift in Sources */ = {isa = PBXBuildFile; fileRef = 1A15F2BA268C61CD00989793 /* HistoryList.swift */; };
		1A15F2BF268C6D2200989793 /* HistoryItem.swift in Sources */ = {isa = PBXBuildFile; fileRef = 1A15F2BE268C6D2200989793 /* HistoryItem.swift */; };
		1A15F2C2268C83EE00989793 /* Localizable.strings in Resources */ = {isa = PBXBuildFile; fileRef = 1A15F2C4268C83EE00989793 /* Localizable.strings */; };
		1A850889268D24B500EC7D2E /* WaterButton.swift in Sources */ = {isa = PBXBuildFile; fileRef = 1A850888268D24B500EC7D2E /* WaterButton.swift */; };
		1A85088C268D5CE800EC7D2E /* Editor.swift in Sources */ = {isa = PBXBuildFile; fileRef = 1A85088B268D5CE800EC7D2E /* Editor.swift */; };
		1A85088F268DA8E800EC7D2E /* Stats.swift in Sources */ = {isa = PBXBuildFile; fileRef = 1A85088E268DA8E800EC7D2E /* Stats.swift */; };
		1A850892268DD73700EC7D2E /* CaptureImageView.swift in Sources */ = {isa = PBXBuildFile; fileRef = 1A850891268DD73700EC7D2E /* CaptureImageView.swift */; };
		1A850894268DD75000EC7D2E /* Coordinator.swift in Sources */ = {isa = PBXBuildFile; fileRef = 1A850893268DD75000EC7D2E /* Coordinator.swift */; };
		1A850896268DDC4600EC7D2E /* CameraButton.swift in Sources */ = {isa = PBXBuildFile; fileRef = 1A850895268DDC4600EC7D2E /* CameraButton.swift */; };
		1A850899268DE85900EC7D2E /* Waterly.xcdatamodeld in Sources */ = {isa = PBXBuildFile; fileRef = 1A850897268DE85900EC7D2E /* Waterly.xcdatamodeld */; };
		1A85089B268DE86700EC7D2E /* Persistence.swift in Sources */ = {isa = PBXBuildFile; fileRef = 1A85089A268DE86700EC7D2E /* Persistence.swift */; };
		1AAAE3F726872A8E00E3E23E /* WaterlyApp.swift in Sources */ = {isa = PBXBuildFile; fileRef = 1AAAE3F626872A8E00E3E23E /* WaterlyApp.swift */; };
		1AAAE3F926872A8E00E3E23E /* ContentView.swift in Sources */ = {isa = PBXBuildFile; fileRef = 1AAAE3F826872A8E00E3E23E /* ContentView.swift */; };
		1AAAE3FB26872A9000E3E23E /* Assets.xcassets in Resources */ = {isa = PBXBuildFile; fileRef = 1AAAE3FA26872A9000E3E23E /* Assets.xcassets */; };
		1AAAE4292688501100E3E23E /* LastWatered.swift in Sources */ = {isa = PBXBuildFile; fileRef = 1AAAE4282688501100E3E23E /* LastWatered.swift */; };
		1ABC00D4269128E200FD0E0F /* PlantEditor.swift in Sources */ = {isa = PBXBuildFile; fileRef = 1ABC00D3269128E200FD0E0F /* PlantEditor.swift */; };
/* End PBXBuildFile section */

/* Begin PBXFileReference section */
		1A15F2BA268C61CD00989793 /* HistoryList.swift */ = {isa = PBXFileReference; lastKnownFileType = sourcecode.swift; path = HistoryList.swift; sourceTree = "<group>"; };
		1A15F2BE268C6D2200989793 /* HistoryItem.swift */ = {isa = PBXFileReference; lastKnownFileType = sourcecode.swift; path = HistoryItem.swift; sourceTree = "<group>"; };
		1A15F2C3268C83EE00989793 /* fr */ = {isa = PBXFileReference; lastKnownFileType = text.plist.strings; name = fr; path = fr.lproj/Localizable.strings; sourceTree = "<group>"; };
		1A850888268D24B500EC7D2E /* WaterButton.swift */ = {isa = PBXFileReference; lastKnownFileType = sourcecode.swift; path = WaterButton.swift; sourceTree = "<group>"; };
		1A85088A268D253100EC7D2E /* en */ = {isa = PBXFileReference; lastKnownFileType = text.plist.strings; name = en; path = en.lproj/Localizable.strings; sourceTree = "<group>"; };
		1A85088B268D5CE800EC7D2E /* Editor.swift */ = {isa = PBXFileReference; lastKnownFileType = sourcecode.swift; path = Editor.swift; sourceTree = "<group>"; };
		1A85088E268DA8E800EC7D2E /* Stats.swift */ = {isa = PBXFileReference; lastKnownFileType = sourcecode.swift; path = Stats.swift; sourceTree = "<group>"; };
		1A850891268DD73700EC7D2E /* CaptureImageView.swift */ = {isa = PBXFileReference; lastKnownFileType = sourcecode.swift; path = CaptureImageView.swift; sourceTree = "<group>"; };
		1A850893268DD75000EC7D2E /* Coordinator.swift */ = {isa = PBXFileReference; lastKnownFileType = sourcecode.swift; path = Coordinator.swift; sourceTree = "<group>"; };
		1A850895268DDC4600EC7D2E /* CameraButton.swift */ = {isa = PBXFileReference; lastKnownFileType = sourcecode.swift; path = CameraButton.swift; sourceTree = "<group>"; };
		1A850898268DE85900EC7D2E /* Waterly.xcdatamodel */ = {isa = PBXFileReference; lastKnownFileType = wrapper.xcdatamodel; path = Waterly.xcdatamodel; sourceTree = "<group>"; };
		1A85089A268DE86700EC7D2E /* Persistence.swift */ = {isa = PBXFileReference; lastKnownFileType = sourcecode.swift; path = Persistence.swift; sourceTree = "<group>"; };
		1AAAE3F326872A8E00E3E23E /* Waterly.app */ = {isa = PBXFileReference; explicitFileType = wrapper.application; includeInIndex = 0; path = Waterly.app; sourceTree = BUILT_PRODUCTS_DIR; };
		1AAAE3F626872A8E00E3E23E /* WaterlyApp.swift */ = {isa = PBXFileReference; lastKnownFileType = sourcecode.swift; path = WaterlyApp.swift; sourceTree = "<group>"; };
		1AAAE3F826872A8E00E3E23E /* ContentView.swift */ = {isa = PBXFileReference; lastKnownFileType = sourcecode.swift; path = ContentView.swift; sourceTree = "<group>"; };
		1AAAE3FA26872A9000E3E23E /* Assets.xcassets */ = {isa = PBXFileReference; lastKnownFileType = folder.assetcatalog; path = Assets.xcassets; sourceTree = "<group>"; };
		1AAAE40426872A9000E3E23E /* Info.plist */ = {isa = PBXFileReference; lastKnownFileType = text.plist.xml; path = Info.plist; sourceTree = "<group>"; };
		1AAAE4282688501100E3E23E /* LastWatered.swift */ = {isa = PBXFileReference; lastKnownFileType = sourcecode.swift; path = LastWatered.swift; sourceTree = "<group>"; };
		1ABC00D3269128E200FD0E0F /* PlantEditor.swift */ = {isa = PBXFileReference; lastKnownFileType = sourcecode.swift; path = PlantEditor.swift; sourceTree = "<group>"; };
/* End PBXFileReference section */

/* Begin PBXFrameworksBuildPhase section */
		1AAAE3F026872A8E00E3E23E /* Frameworks */ = {
			isa = PBXFrameworksBuildPhase;
			buildActionMask = 2147483647;
			files = (
			);
			runOnlyForDeploymentPostprocessing = 0;
		};
/* End PBXFrameworksBuildPhase section */

/* Begin PBXGroup section */
		1A15F2B8268C618A00989793 /* LastWatered */ = {
			isa = PBXGroup;
			children = (
				1AAAE4282688501100E3E23E /* LastWatered.swift */,
				1A850888268D24B500EC7D2E /* WaterButton.swift */,
				1A85088B268D5CE800EC7D2E /* Editor.swift */,
			);
			path = LastWatered;
			sourceTree = "<group>";
		};
		1A15F2B9268C619400989793 /* History */ = {
			isa = PBXGroup;
			children = (
				1A15F2BA268C61CD00989793 /* HistoryList.swift */,
				1A15F2BE268C6D2200989793 /* HistoryItem.swift */,
			);
			path = History;
			sourceTree = "<group>";
		};
		1A85088D268DA8D600EC7D2E /* Stats */ = {
			isa = PBXGroup;
			children = (
				1A85088E268DA8E800EC7D2E /* Stats.swift */,
			);
			path = Stats;
			sourceTree = "<group>";
		};
		1A850890268DD72B00EC7D2E /* Camera */ = {
			isa = PBXGroup;
			children = (
				1A850891268DD73700EC7D2E /* CaptureImageView.swift */,
				1A850893268DD75000EC7D2E /* Coordinator.swift */,
				1A850895268DDC4600EC7D2E /* CameraButton.swift */,
			);
			path = Camera;
			sourceTree = "<group>";
		};
		1AAAE3EA26872A8E00E3E23E = {
			isa = PBXGroup;
			children = (
				1A15F2C4268C83EE00989793 /* Localizable.strings */,
				1AAAE3F526872A8E00E3E23E /* Waterly */,
				1AAAE3F426872A8E00E3E23E /* Products */,
			);
			sourceTree = "<group>";
		};
		1AAAE3F426872A8E00E3E23E /* Products */ = {
			isa = PBXGroup;
			children = (
				1AAAE3F326872A8E00E3E23E /* Waterly.app */,
			);
			name = Products;
			sourceTree = "<group>";
		};
		1AAAE3F526872A8E00E3E23E /* Waterly */ = {
			isa = PBXGroup;
			children = (
				1ABC00D2269128CD00FD0E0F /* Plants */,
				1A85089A268DE86700EC7D2E /* Persistence.swift */,
				1A850897268DE85900EC7D2E /* Waterly.xcdatamodeld */,
				1A850890268DD72B00EC7D2E /* Camera */,
				1A85088D268DA8D600EC7D2E /* Stats */,
				1A15F2B9268C619400989793 /* History */,
				1A15F2B8268C618A00989793 /* LastWatered */,
				1AAAE3F626872A8E00E3E23E /* WaterlyApp.swift */,
				1AAAE3F826872A8E00E3E23E /* ContentView.swift */,
				1AAAE3FA26872A9000E3E23E /* Assets.xcassets */,
				1AAAE40426872A9000E3E23E /* Info.plist */,
			);
			path = Waterly;
			sourceTree = "<group>";
		};
		1ABC00D2269128CD00FD0E0F /* Plants */ = {
			isa = PBXGroup;
			children = (
				1ABC00D3269128E200FD0E0F /* PlantEditor.swift */,
			);
			path = Plants;
			sourceTree = "<group>";
		};
/* End PBXGroup section */

/* Begin PBXNativeTarget section */
		1AAAE3F226872A8E00E3E23E /* Waterly */ = {
			isa = PBXNativeTarget;
			buildConfigurationList = 1AAAE41D26872A9000E3E23E /* Build configuration list for PBXNativeTarget "Waterly" */;
			buildPhases = (
				1AAAE3EF26872A8E00E3E23E /* Sources */,
				1AAAE3F026872A8E00E3E23E /* Frameworks */,
				1AAAE3F126872A8E00E3E23E /* Resources */,
			);
			buildRules = (
			);
			dependencies = (
			);
			name = Waterly;
			packageProductDependencies = (
			);
			productName = Waterly;
			productReference = 1AAAE3F326872A8E00E3E23E /* Waterly.app */;
			productType = "com.apple.product-type.application";
		};
/* End PBXNativeTarget section */

/* Begin PBXProject section */
		1AAAE3EB26872A8E00E3E23E /* Project object */ = {
			isa = PBXProject;
			attributes = {
				LastSwiftUpdateCheck = 1250;
				LastUpgradeCheck = 1250;
				TargetAttributes = {
					1AAAE3F226872A8E00E3E23E = {
						CreatedOnToolsVersion = 12.5.1;
					};
				};
			};
			buildConfigurationList = 1AAAE3EE26872A8E00E3E23E /* Build configuration list for PBXProject "Waterly" */;
			compatibilityVersion = "Xcode 9.3";
			developmentRegion = en;
			hasScannedForEncodings = 0;
			knownRegions = (
				en,
				Base,
				fr,
			);
			mainGroup = 1AAAE3EA26872A8E00E3E23E;
			packageReferences = (
			);
			productRefGroup = 1AAAE3F426872A8E00E3E23E /* Products */;
			projectDirPath = "";
			projectRoot = "";
			targets = (
				1AAAE3F226872A8E00E3E23E /* Waterly */,
			);
		};
/* End PBXProject section */

/* Begin PBXResourcesBuildPhase section */
		1AAAE3F126872A8E00E3E23E /* Resources */ = {
			isa = PBXResourcesBuildPhase;
			buildActionMask = 2147483647;
			files = (
				1AAAE3FB26872A9000E3E23E /* Assets.xcassets in Resources */,
				1A15F2C2268C83EE00989793 /* Localizable.strings in Resources */,
			);
			runOnlyForDeploymentPostprocessing = 0;
		};
/* End PBXResourcesBuildPhase section */

/* Begin PBXSourcesBuildPhase section */
		1AAAE3EF26872A8E00E3E23E /* Sources */ = {
			isa = PBXSourcesBuildPhase;
			buildActionMask = 2147483647;
			files = (
				1A850899268DE85900EC7D2E /* Waterly.xcdatamodeld in Sources */,
				1A85088C268D5CE800EC7D2E /* Editor.swift in Sources */,
				1ABC00D4269128E200FD0E0F /* PlantEditor.swift in Sources */,
				1AAAE4292688501100E3E23E /* LastWatered.swift in Sources */,
				1A850896268DDC4600EC7D2E /* CameraButton.swift in Sources */,
				1A850894268DD75000EC7D2E /* Coordinator.swift in Sources */,
				1AAAE3F926872A8E00E3E23E /* ContentView.swift in Sources */,
				1A15F2BB268C61CD00989793 /* HistoryList.swift in Sources */,
				1A85089B268DE86700EC7D2E /* Persistence.swift in Sources */,
				1A850889268D24B500EC7D2E /* WaterButton.swift in Sources */,
				1A85088F268DA8E800EC7D2E /* Stats.swift in Sources */,
				1AAAE3F726872A8E00E3E23E /* WaterlyApp.swift in Sources */,
				1A15F2BF268C6D2200989793 /* HistoryItem.swift in Sources */,
				1A850892268DD73700EC7D2E /* CaptureImageView.swift in Sources */,
			);
			runOnlyForDeploymentPostprocessing = 0;
		};
/* End PBXSourcesBuildPhase section */

/* Begin PBXVariantGroup section */
		1A15F2C4268C83EE00989793 /* Localizable.strings */ = {
			isa = PBXVariantGroup;
			children = (
				1A15F2C3268C83EE00989793 /* fr */,
				1A85088A268D253100EC7D2E /* en */,
			);
			name = Localizable.strings;
			sourceTree = "<group>";
		};
/* End PBXVariantGroup section */

/* Begin XCBuildConfiguration section */
		1AAAE41B26872A9000E3E23E /* Debug */ = {
			isa = XCBuildConfiguration;
			buildSettings = {
				ALWAYS_SEARCH_USER_PATHS = NO;
				CLANG_ANALYZER_NONNULL = YES;
				CLANG_ANALYZER_NUMBER_OBJECT_CONVERSION = YES_AGGRESSIVE;
				CLANG_CXX_LANGUAGE_STANDARD = "gnu++14";
				CLANG_CXX_LIBRARY = "libc++";
				CLANG_ENABLE_MODULES = YES;
				CLANG_ENABLE_OBJC_ARC = YES;
				CLANG_ENABLE_OBJC_WEAK = YES;
				CLANG_WARN_BLOCK_CAPTURE_AUTORELEASING = YES;
				CLANG_WARN_BOOL_CONVERSION = YES;
				CLANG_WARN_COMMA = YES;
				CLANG_WARN_CONSTANT_CONVERSION = YES;
				CLANG_WARN_DEPRECATED_OBJC_IMPLEMENTATIONS = YES;
				CLANG_WARN_DIRECT_OBJC_ISA_USAGE = YES_ERROR;
				CLANG_WARN_DOCUMENTATION_COMMENTS = YES;
				CLANG_WARN_EMPTY_BODY = YES;
				CLANG_WARN_ENUM_CONVERSION = YES;
				CLANG_WARN_INFINITE_RECURSION = YES;
				CLANG_WARN_INT_CONVERSION = YES;
				CLANG_WARN_NON_LITERAL_NULL_CONVERSION = YES;
				CLANG_WARN_OBJC_IMPLICIT_RETAIN_SELF = YES;
				CLANG_WARN_OBJC_LITERAL_CONVERSION = YES;
				CLANG_WARN_OBJC_ROOT_CLASS = YES_ERROR;
				CLANG_WARN_QUOTED_INCLUDE_IN_FRAMEWORK_HEADER = YES;
				CLANG_WARN_RANGE_LOOP_ANALYSIS = YES;
				CLANG_WARN_STRICT_PROTOTYPES = YES;
				CLANG_WARN_SUSPICIOUS_MOVE = YES;
				CLANG_WARN_UNGUARDED_AVAILABILITY = YES_AGGRESSIVE;
				CLANG_WARN_UNREACHABLE_CODE = YES;
				CLANG_WARN__DUPLICATE_METHOD_MATCH = YES;
				COPY_PHASE_STRIP = NO;
				DEBUG_INFORMATION_FORMAT = dwarf;
				ENABLE_STRICT_OBJC_MSGSEND = YES;
				ENABLE_TESTABILITY = YES;
				GCC_C_LANGUAGE_STANDARD = gnu11;
				GCC_DYNAMIC_NO_PIC = NO;
				GCC_NO_COMMON_BLOCKS = YES;
				GCC_OPTIMIZATION_LEVEL = 0;
				GCC_PREPROCESSOR_DEFINITIONS = (
					"DEBUG=1",
					"$(inherited)",
				);
				GCC_WARN_64_TO_32_BIT_CONVERSION = YES;
				GCC_WARN_ABOUT_RETURN_TYPE = YES_ERROR;
				GCC_WARN_UNDECLARED_SELECTOR = YES;
				GCC_WARN_UNINITIALIZED_AUTOS = YES_AGGRESSIVE;
				GCC_WARN_UNUSED_FUNCTION = YES;
				GCC_WARN_UNUSED_VARIABLE = YES;
				IPHONEOS_DEPLOYMENT_TARGET = 14.5;
				MTL_ENABLE_DEBUG_INFO = INCLUDE_SOURCE;
				MTL_FAST_MATH = YES;
				ONLY_ACTIVE_ARCH = YES;
				SDKROOT = iphoneos;
				SWIFT_ACTIVE_COMPILATION_CONDITIONS = DEBUG;
				SWIFT_OPTIMIZATION_LEVEL = "-Onone";
			};
			name = Debug;
		};
		1AAAE41C26872A9000E3E23E /* Release */ = {
			isa = XCBuildConfiguration;
			buildSettings = {
				ALWAYS_SEARCH_USER_PATHS = NO;
				CLANG_ANALYZER_NONNULL = YES;
				CLANG_ANALYZER_NUMBER_OBJECT_CONVERSION = YES_AGGRESSIVE;
				CLANG_CXX_LANGUAGE_STANDARD = "gnu++14";
				CLANG_CXX_LIBRARY = "libc++";
				CLANG_ENABLE_MODULES = YES;
				CLANG_ENABLE_OBJC_ARC = YES;
				CLANG_ENABLE_OBJC_WEAK = YES;
				CLANG_WARN_BLOCK_CAPTURE_AUTORELEASING = YES;
				CLANG_WARN_BOOL_CONVERSION = YES;
				CLANG_WARN_COMMA = YES;
				CLANG_WARN_CONSTANT_CONVERSION = YES;
				CLANG_WARN_DEPRECATED_OBJC_IMPLEMENTATIONS = YES;
				CLANG_WARN_DIRECT_OBJC_ISA_USAGE = YES_ERROR;
				CLANG_WARN_DOCUMENTATION_COMMENTS = YES;
				CLANG_WARN_EMPTY_BODY = YES;
				CLANG_WARN_ENUM_CONVERSION = YES;
				CLANG_WARN_INFINITE_RECURSION = YES;
				CLANG_WARN_INT_CONVERSION = YES;
				CLANG_WARN_NON_LITERAL_NULL_CONVERSION = YES;
				CLANG_WARN_OBJC_IMPLICIT_RETAIN_SELF = YES;
				CLANG_WARN_OBJC_LITERAL_CONVERSION = YES;
				CLANG_WARN_OBJC_ROOT_CLASS = YES_ERROR;
				CLANG_WARN_QUOTED_INCLUDE_IN_FRAMEWORK_HEADER = YES;
				CLANG_WARN_RANGE_LOOP_ANALYSIS = YES;
				CLANG_WARN_STRICT_PROTOTYPES = YES;
				CLANG_WARN_SUSPICIOUS_MOVE = YES;
				CLANG_WARN_UNGUARDED_AVAILABILITY = YES_AGGRESSIVE;
				CLANG_WARN_UNREACHABLE_CODE = YES;
				CLANG_WARN__DUPLICATE_METHOD_MATCH = YES;
				COPY_PHASE_STRIP = NO;
				DEBUG_INFORMATION_FORMAT = "dwarf-with-dsym";
				ENABLE_NS_ASSERTIONS = NO;
				ENABLE_STRICT_OBJC_MSGSEND = YES;
				GCC_C_LANGUAGE_STANDARD = gnu11;
				GCC_NO_COMMON_BLOCKS = YES;
				GCC_WARN_64_TO_32_BIT_CONVERSION = YES;
				GCC_WARN_ABOUT_RETURN_TYPE = YES_ERROR;
				GCC_WARN_UNDECLARED_SELECTOR = YES;
				GCC_WARN_UNINITIALIZED_AUTOS = YES_AGGRESSIVE;
				GCC_WARN_UNUSED_FUNCTION = YES;
				GCC_WARN_UNUSED_VARIABLE = YES;
				IPHONEOS_DEPLOYMENT_TARGET = 14.5;
				MTL_ENABLE_DEBUG_INFO = NO;
				MTL_FAST_MATH = YES;
				SDKROOT = iphoneos;
				SWIFT_COMPILATION_MODE = wholemodule;
				SWIFT_OPTIMIZATION_LEVEL = "-O";
				VALIDATE_PRODUCT = YES;
			};
			name = Release;
		};
		1AAAE41E26872A9000E3E23E /* Debug */ = {
			isa = XCBuildConfiguration;
			buildSettings = {
				ASSETCATALOG_COMPILER_APPICON_NAME = AppIcon;
				ASSETCATALOG_COMPILER_GLOBAL_ACCENT_COLOR_NAME = AccentColor;
				CODE_SIGN_STYLE = Automatic;
				DEVELOPMENT_ASSET_PATHS = "";
				DEVELOPMENT_TEAM = 2A6W6FX49P;
				ENABLE_PREVIEWS = YES;
				INFOPLIST_FILE = Waterly/Info.plist;
				IPHONEOS_DEPLOYMENT_TARGET = 15.0;
				LD_RUNPATH_SEARCH_PATHS = (
					"$(inherited)",
					"@executable_path/Frameworks",
				);
				PRODUCT_BUNDLE_IDENTIFIER = com.jamesemselle.Waterly;
				PRODUCT_NAME = "$(TARGET_NAME)";
				SWIFT_VERSION = 5.0;
				TARGETED_DEVICE_FAMILY = "1,2";
			};
			name = Debug;
		};
		1AAAE41F26872A9000E3E23E /* Release */ = {
			isa = XCBuildConfiguration;
			buildSettings = {
				ASSETCATALOG_COMPILER_APPICON_NAME = AppIcon;
				ASSETCATALOG_COMPILER_GLOBAL_ACCENT_COLOR_NAME = AccentColor;
				CODE_SIGN_STYLE = Automatic;
				DEVELOPMENT_ASSET_PATHS = "";
				DEVELOPMENT_TEAM = 2A6W6FX49P;
				ENABLE_PREVIEWS = YES;
				INFOPLIST_FILE = Waterly/Info.plist;
				IPHONEOS_DEPLOYMENT_TARGET = 15.0;
				LD_RUNPATH_SEARCH_PATHS = (
					"$(inherited)",
					"@executable_path/Frameworks",
				);
				PRODUCT_BUNDLE_IDENTIFIER = com.jamesemselle.Waterly;
				PRODUCT_NAME = "$(TARGET_NAME)";
				SWIFT_VERSION = 5.0;
				TARGETED_DEVICE_FAMILY = "1,2";
			};
			name = Release;
		};
/* End XCBuildConfiguration section */

/* Begin XCConfigurationList section */
		1AAAE3EE26872A8E00E3E23E /* Build configuration list for PBXProject "Waterly" */ = {
			isa = XCConfigurationList;
			buildConfigurations = (
				1AAAE41B26872A9000E3E23E /* Debug */,
				1AAAE41C26872A9000E3E23E /* Release */,
			);
			defaultConfigurationIsVisible = 0;
			defaultConfigurationName = Release;
		};
		1AAAE41D26872A9000E3E23E /* Build configuration list for PBXNativeTarget "Waterly" */ = {
			isa = XCConfigurationList;
			buildConfigurations = (
				1AAAE41E26872A9000E3E23E /* Debug */,
				1AAAE41F26872A9000E3E23E /* Release */,
			);
			defaultConfigurationIsVisible = 0;
			defaultConfigurationName = Release;
		};
/* End XCConfigurationList section */

/* Begin XCVersionGroup section */
		1A850897268DE85900EC7D2E /* Waterly.xcdatamodeld */ = {
			isa = XCVersionGroup;
			children = (
				1A850898268DE85900EC7D2E /* Waterly.xcdatamodel */,
			);
			currentVersion = 1A850898268DE85900EC7D2E /* Waterly.xcdatamodel */;
			path = Waterly.xcdatamodeld;
			sourceTree = "<group>";
			versionGroupType = wrapper.xcdatamodel;
		};
/* End XCVersionGroup section */
	};
	rootObject = 1AAAE3EB26872A8E00E3E23E /* Project object */;
}
